
Microsoft Visual Studio Solution File, Format Version 12.00
# Visual Studio Version 17
VisualStudioVersion = 17.0.31903.59
MinimumVisualStudioVersion = 10.0.40219.1
Project("{2150E333-8FDC-42A3-9474-1A3956D46DE8}") = "src", "src", "{827E0CD3-B72D-47B6-A68D-7590B98EB39B}"
EndProject
Project("{FAE04EC0-301F-11D3-BF4B-00C04F79EFBC}") = "CallCenterBilling.Domain", "src\CallCenterBilling.Domain\CallCenterBilling.Domain.csproj", "{8029A786-DAC1-4D2D-92EC-EC1FF20069AD}"
EndProject
Project("{FAE04EC0-301F-11D3-BF4B-00C04F79EFBC}") = "CallCenterBilling.Application", "src\CallCenterBilling.Application\CallCenterBilling.Application.csproj", "{D1593092-20BE-4F0E-9C56-50F9BCF05AFF}"
EndProject
Project("{FAE04EC0-301F-11D3-BF4B-00C04F79EFBC}") = "CallCenterBilling.Infrastructure", "src\CallCenterBilling.Infrastructure\CallCenterBilling.Infrastructure.csproj", "{5C53EE99-621A-457A-9C2F-4D4343C0FC74}"
EndProject
Project("{FAE04EC0-301F-11D3-BF4B-00C04F79EFBC}") = "CallCenterBilling.Web", "src\CallCenterBilling.Web\CallCenterBilling.Web.csproj", "{A633FCF9-B052-4097-9F52-97473657E666}"
EndProject
Global
	GlobalSection(SolutionConfigurationPlatforms) = preSolution
		Debug|Any CPU = Debug|Any CPU
		Debug|x64 = Debug|x64
		Debug|x86 = Debug|x86
		Release|Any CPU = Release|Any CPU
		Release|x64 = Release|x64
		Release|x86 = Release|x86
	EndGlobalSection
	GlobalSection(ProjectConfigurationPlatforms) = postSolution
		{8029A786-DAC1-4D2D-92EC-EC1FF20069AD}.Debug|Any CPU.ActiveCfg = Debug|Any CPU
		{8029A786-DAC1-4D2D-92EC-EC1FF20069AD}.Debug|Any CPU.Build.0 = Debug|Any CPU
		{8029A786-DAC1-4D2D-92EC-EC1FF20069AD}.Debug|x64.ActiveCfg = Debug|Any CPU
		{8029A786-DAC1-4D2D-92EC-EC1FF20069AD}.Debug|x64.Build.0 = Debug|Any CPU
		{8029A786-DAC1-4D2D-92EC-EC1FF20069AD}.Debug|x86.ActiveCfg = Debug|Any CPU
		{8029A786-DAC1-4D2D-92EC-EC1FF20069AD}.Debug|x86.Build.0 = Debug|Any CPU
		{8029A786-DAC1-4D2D-92EC-EC1FF20069AD}.Release|Any CPU.ActiveCfg = Release|Any CPU
		{8029A786-DAC1-4D2D-92EC-EC1FF20069AD}.Release|Any CPU.Build.0 = Release|Any CPU
		{8029A786-DAC1-4D2D-92EC-EC1FF20069AD}.Release|x64.ActiveCfg = Release|Any CPU
		{8029A786-DAC1-4D2D-92EC-EC1FF20069AD}.Release|x64.Build.0 = Release|Any CPU
		{8029A786-DAC1-4D2D-92EC-EC1FF20069AD}.Release|x86.ActiveCfg = Release|Any CPU
		{8029A786-DAC1-4D2D-92EC-EC1FF20069AD}.Release|x86.Build.0 = Release|Any CPU
		{D1593092-20BE-4F0E-9C56-50F9BCF05AFF}.Debug|Any CPU.ActiveCfg = Debug|Any CPU
		{D1593092-20BE-4F0E-9C56-50F9BCF05AFF}.Debug|Any CPU.Build.0 = Debug|Any CPU
		{D1593092-20BE-4F0E-9C56-50F9BCF05AFF}.Debug|x64.ActiveCfg = Debug|Any CPU
		{D1593092-20BE-4F0E-9C56-50F9BCF05AFF}.Debug|x64.Build.0 = Debug|Any CPU
		{D1593092-20BE-4F0E-9C56-50F9BCF05AFF}.Debug|x86.ActiveCfg = Debug|Any CPU
		{D1593092-20BE-4F0E-9C56-50F9BCF05AFF}.Debug|x86.Build.0 = Debug|Any CPU
		{D1593092-20BE-4F0E-9C56-50F9BCF05AFF}.Release|Any CPU.ActiveCfg = Release|Any CPU
		{D1593092-20BE-4F0E-9C56-50F9BCF05AFF}.Release|Any CPU.Build.0 = Release|Any CPU
		{D1593092-20BE-4F0E-9C56-50F9BCF05AFF}.Release|x64.ActiveCfg = Release|Any CPU
		{D1593092-20BE-4F0E-9C56-50F9BCF05AFF}.Release|x64.Build.0 = Release|Any CPU
		{D1593092-20BE-4F0E-9C56-50F9BCF05AFF}.Release|x86.ActiveCfg = Release|Any CPU
		{D1593092-20BE-4F0E-9C56-50F9BCF05AFF}.Release|x86.Build.0 = Release|Any CPU
		{5C53EE99-621A-457A-9C2F-4D4343C0FC74}.Debug|Any CPU.ActiveCfg = Debug|Any CPU
		{5C53EE99-621A-457A-9C2F-4D4343C0FC74}.Debug|Any CPU.Build.0 = Debug|Any CPU
		{5C53EE99-621A-457A-9C2F-4D4343C0FC74}.Debug|x64.ActiveCfg = Debug|Any CPU
		{5C53EE99-621A-457A-9C2F-4D4343C0FC74}.Debug|x64.Build.0 = Debug|Any CPU
		{5C53EE99-621A-457A-9C2F-4D4343C0FC74}.Debug|x86.ActiveCfg = Debug|Any CPU
		{5C53EE99-621A-457A-9C2F-4D4343C0FC74}.Debug|x86.Build.0 = Debug|Any CPU
		{5C53EE99-621A-457A-9C2F-4D4343C0FC74}.Release|Any CPU.ActiveCfg = Release|Any CPU
		{5C53EE99-621A-457A-9C2F-4D4343C0FC74}.Release|Any CPU.Build.0 = Release|Any CPU
		{5C53EE99-621A-457A-9C2F-4D4343C0FC74}.Release|x64.ActiveCfg = Release|Any CPU
		{5C53EE99-621A-457A-9C2F-4D4343C0FC74}.Release|x64.Build.0 = Release|Any CPU
		{5C53EE99-621A-457A-9C2F-4D4343C0FC74}.Release|x86.ActiveCfg = Release|Any CPU
		{5C53EE99-621A-457A-9C2F-4D4343C0FC74}.Release|x86.Build.0 = Release|Any CPU
		{A633FCF9-B052-4097-9F52-97473657E666}.Debug|Any CPU.ActiveCfg = Debug|Any CPU
		{A633FCF9-B052-4097-9F52-97473657E666}.Debug|Any CPU.Build.0 = Debug|Any CPU
		{A633FCF9-B052-4097-9F52-97473657E666}.Debug|x64.ActiveCfg = Debug|Any CPU
		{A633FCF9-B052-4097-9F52-97473657E666}.Debug|x64.Build.0 = Debug|Any CPU
		{A633FCF9-B052-4097-9F52-97473657E666}.Debug|x86.ActiveCfg = Debug|Any CPU
		{A633FCF9-B052-4097-9F52-97473657E666}.Debug|x86.Build.0 = Debug|Any CPU
		{A633FCF9-B052-4097-9F52-97473657E666}.Release|Any CPU.ActiveCfg = Release|Any CPU
		{A633FCF9-B052-4097-9F52-97473657E666}.Release|Any CPU.Build.0 = Release|Any CPU
		{A633FCF9-B052-4097-9F52-97473657E666}.Release|x64.ActiveCfg = Release|Any CPU
		{A633FCF9-B052-4097-9F52-97473657E666}.Release|x64.Build.0 = Release|Any CPU
		{A633FCF9-B052-4097-9F52-97473657E666}.Release|x86.ActiveCfg = Release|Any CPU
		{A633FCF9-B052-4097-9F52-97473657E666}.Release|x86.Build.0 = Release|Any CPU
	EndGlobalSection
	GlobalSection(SolutionProperties) = preSolution
		HideSolutionNode = FALSE
	EndGlobalSection
	GlobalSection(NestedProjects) = preSolution
		{8029A786-DAC1-4D2D-92EC-EC1FF20069AD} = {827E0CD3-B72D-47B6-A68D-7590B98EB39B}
		{D1593092-20BE-4F0E-9C56-50F9BCF05AFF} = {827E0CD3-B72D-47B6-A68D-7590B98EB39B}
		{5C53EE99-621A-457A-9C2F-4D4343C0FC74} = {827E0CD3-B72D-47B6-A68D-7590B98EB39B}
		{A633FCF9-B052-4097-9F52-97473657E666} = {827E0CD3-B72D-47B6-A68D-7590B98EB39B}
	EndGlobalSection
EndGlobal
